Microsoft Visual Studio Solution File, Format Version 9.00
# Visual Studio 2005
Project("{FAE04EC0-301F-11D3-BF4B-00C04F79EFBC}") = "Streams", "Streams.csproj", "{B587F628-5A67-4FA2-A36D-1256F70F8EF9}"
EndProject
Global
	GlobalSection(SolutionConfigurationPlatforms) = preSolution
		Debug|Any CPU = Debug|Any CPU
		Release|Any CPU = Release|Any CPU
	EndGlobalSection
	GlobalSection(ProjectConfigurationPlatforms) = postSolution
		{B587F628-5A67-4FA2-A36D-1256F70F8EF9}.Debug|Any CPU.ActiveCfg = Debug|Any CPU
		{B587F628-5A67-4FA2-A36D-1256F70F8EF9}.Debug|Any CPU.Build.0 = Debug|Any CPU
		{B587F628-5A67-4FA2-A36D-1256F70F8EF9}.Release|Any CPU.ActiveCfg = Release|Any CPU
		{B587F628-5A67-4FA2-A36D-1256F70F8EF9}.Release|Any CPU.Build.0 = Release|Any CPU
	EndGlobalSection
	GlobalSection(SolutionProperties) = preSolution
		HideSolutionNode = FALSE
	EndGlobalSection
EndGlobal
