
Microsoft Visual Studio Solution File, Format Version 9.00
# Visual Studio 2005
Project("{8BC9CEB8-8B4A-11D0-8D11-00A0C91BC942}") = "StanHull", "StanHull.vcproj", "{85ED5AF9-8D50-4E40-95C0-9AECC3559A94}"
EndProject
Project("{8BC9CEB8-8B4A-11D0-8D11-00A0C91BC942}") = "MHull", "..\MHull\MHull.vcproj", "{1B3130DA-8FBE-45B7-AA9D-389E01DA102C}"
EndProject
Global
	GlobalSection(SolutionConfigurationPlatforms) = preSolution
		Debug|Win32 = Debug|Win32
		Release|Win32 = Release|Win32
	EndGlobalSection
	GlobalSection(ProjectConfigurationPlatforms) = postSolution
		{85ED5AF9-8D50-4E40-95C0-9AECC3559A94}.Debug|Win32.ActiveCfg = Debug|Win32
		{85ED5AF9-8D50-4E40-95C0-9AECC3559A94}.Debug|Win32.Build.0 = Debug|Win32
		{85ED5AF9-8D50-4E40-95C0-9AECC3559A94}.Release|Win32.ActiveCfg = Release|Win32
		{85ED5AF9-8D50-4E40-95C0-9AECC3559A94}.Release|Win32.Build.0 = Release|Win32
		{1B3130DA-8FBE-45B7-AA9D-389E01DA102C}.Debug|Win32.ActiveCfg = Debug|Win32
		{1B3130DA-8FBE-45B7-AA9D-389E01DA102C}.Debug|Win32.Build.0 = Debug|Win32
		{1B3130DA-8FBE-45B7-AA9D-389E01DA102C}.Release|Win32.ActiveCfg = Release|Win32
		{1B3130DA-8FBE-45B7-AA9D-389E01DA102C}.Release|Win32.Build.0 = Release|Win32
	EndGlobalSection
	GlobalSection(SolutionProperties) = preSolution
		HideSolutionNode = FALSE
	EndGlobalSection
EndGlobal
