Microsoft Visual Studio Solution File, Format Version 8.00
Project("{FAE04EC0-301F-11D3-BF4B-00C04F79EFBC}") = "Basic", "Basic.csproj", "{D68A73CB-C78F-4FD8-82E5-CCEA75043480}"
	ProjectSection(ProjectDependencies) = postProject
	EndProjectSection
EndProject
Global
	GlobalSection(SolutionConfiguration) = preSolution
		Debug = Debug
		Release = Release
	EndGlobalSection
	GlobalSection(ProjectConfiguration) = postSolution
		{D68A73CB-C78F-4FD8-82E5-CCEA75043480}.Debug.ActiveCfg = Debug|.NET
		{D68A73CB-C78F-4FD8-82E5-CCEA75043480}.Debug.Build.0 = Debug|.NET
		{D68A73CB-C78F-4FD8-82E5-CCEA75043480}.Release.ActiveCfg = Release|.NET
		{D68A73CB-C78F-4FD8-82E5-CCEA75043480}.Release.Build.0 = Release|.NET
	EndGlobalSection
	GlobalSection(ExtensibilityGlobals) = postSolution
	EndGlobalSection
	GlobalSection(ExtensibilityAddIns) = postSolution
	EndGlobalSection
EndGlobal
